
Microsoft Visual Studio Solution File, Format Version 12.00
# Visual Studio Version 17
VisualStudioVersion = 17.10.35027.167
MinimumVisualStudioVersion = 10.0.40219.1
Project("{FAE04EC0-301F-11D3-BF4B-00C04F79EFBC}") = "URI 1044", "URI 1044\URI 1044.csproj", "{D21B0D53-715A-48DE-BAB6-9EBB39833694}"
EndProject
Global
	GlobalSection(SolutionConfigurationPlatforms) = preSolution
		Debug|Any CPU = Debug|Any CPU
		Release|Any CPU = Release|Any CPU
	EndGlobalSection
	GlobalSection(ProjectConfigurationPlatforms) = postSolution
		{D21B0D53-715A-48DE-BAB6-9EBB39833694}.Debug|Any CPU.ActiveCfg = Debug|Any CPU
		{D21B0D53-715A-48DE-BAB6-9EBB39833694}.Debug|Any CPU.Build.0 = Debug|Any CPU
		{D21B0D53-715A-48DE-BAB6-9EBB39833694}.Release|Any CPU.ActiveCfg = Release|Any CPU
		{D21B0D53-715A-48DE-BAB6-9EBB39833694}.Release|Any CPU.Build.0 = Release|Any CPU
	EndGlobalSection
	GlobalSection(SolutionProperties) = preSolution
		HideSolutionNode = FALSE
	EndGlobalSection
	GlobalSection(ExtensibilityGlobals) = postSolution
		SolutionGuid = {A1B87B49-0E41-4055-8AAF-A6765C7C4C74}
	EndGlobalSection
EndGlobal
